// !$*UTF8*$!
{
	archiveVersion = 1;
	classes = {
	};
	objectVersion = 56;
	objects = {

/* Begin PBXBuildFile section */
		04E7D5242B964A1C0069BAFB /* AppDelegate.swift in Sources */ = {isa = PBXBuildFile; fileRef = 04E7D5232B964A1C0069BAFB /* AppDelegate.swift */; };
		04E7D5262B964A1C0069BAFB /* SceneDelegate.swift in Sources */ = {isa = PBXBuildFile; fileRef = 04E7D5252B964A1C0069BAFB /* SceneDelegate.swift */; };
		04E7D5282B964A1C0069BAFB /* ViewController.swift in Sources */ = {isa = PBXBuildFile; fileRef = 04E7D5272B964A1C0069BAFB /* ViewController.swift */; };
		04E7D52D2B964A1E0069BAFB /* Assets.xcassets in Resources */ = {isa = PBXBuildFile; fileRef = 04E7D52C2B964A1E0069BAFB /* Assets.xcassets */; };
		04E7D5302B964A1E0069BAFB /* LaunchScreen.storyboard in Resources */ = {isa = PBXBuildFile; fileRef = 04E7D52E2B964A1E0069BAFB /* LaunchScreen.storyboard */; };
		04E7D53D2B9657F10069BAFB /* UIFont + Extensions.swift in Sources */ = {isa = PBXBuildFile; fileRef = 04E7D53C2B9657F10069BAFB /* UIFont + Extensions.swift */; };
		04E7D5422B97A5640069BAFB /* Roboto-Black.ttf in Resources */ = {isa = PBXBuildFile; fileRef = 04E7D5412B97A55B0069BAFB /* Roboto-Black.ttf */; };
		04E7D54F2B97A5E10069BAFB /* Roboto-BlackItalic.ttf in Resources */ = {isa = PBXBuildFile; fileRef = 04E7D5442B97A5890069BAFB /* Roboto-BlackItalic.ttf */; };
		04E7D5502B97A5E30069BAFB /* Roboto-Bold.ttf in Resources */ = {isa = PBXBuildFile; fileRef = 04E7D5452B97A58C0069BAFB /* Roboto-Bold.ttf */; };
		04E7D5512B97A5E60069BAFB /* Roboto-BoldItalic.ttf in Resources */ = {isa = PBXBuildFile; fileRef = 04E7D5462B97A58E0069BAFB /* Roboto-BoldItalic.ttf */; };
		04E7D5522B97A5E90069BAFB /* Roboto-Italic.ttf in Resources */ = {isa = PBXBuildFile; fileRef = 04E7D5472B97A5910069BAFB /* Roboto-Italic.ttf */; };
		04E7D5532B97A5EC0069BAFB /* Roboto-Light.ttf in Resources */ = {isa = PBXBuildFile; fileRef = 04E7D5482B97A5940069BAFB /* Roboto-Light.ttf */; };
		04E7D5542B97A5EF0069BAFB /* Roboto-LightItalic.ttf in Resources */ = {isa = PBXBuildFile; fileRef = 04E7D5492B97A5960069BAFB /* Roboto-LightItalic.ttf */; };
		04E7D5552B97A5F20069BAFB /* Roboto-Medium.ttf in Resources */ = {isa = PBXBuildFile; fileRef = 04E7D54A2B97A5980069BAFB /* Roboto-Medium.ttf */; };
		04E7D5562B97A5F50069BAFB /* Roboto-MediumItalic.ttf in Resources */ = {isa = PBXBuildFile; fileRef = 04E7D54B2B97A59A0069BAFB /* Roboto-MediumItalic.ttf */; };
		04E7D5572B97A5F80069BAFB /* Roboto-Regular.ttf in Resources */ = {isa = PBXBuildFile; fileRef = 04E7D54C2B97A59D0069BAFB /* Roboto-Regular.ttf */; };
		04E7D5582B97A5FB0069BAFB /* Roboto-Thin.ttf in Resources */ = {isa = PBXBuildFile; fileRef = 04E7D54D2B97A59F0069BAFB /* Roboto-Thin.ttf */; };
		04E7D5592B97A5FD0069BAFB /* Roboto-ThinItalic.ttf in Resources */ = {isa = PBXBuildFile; fileRef = 04E7D54E2B97A5A10069BAFB /* Roboto-ThinItalic.ttf */; };
/* End PBXBuildFile section */

/* Begin PBXFileReference section */
		04E7D5202B964A1C0069BAFB /* FoodDeliveryApp.app */ = {isa = PBXFileReference; explicitFileType = wrapper.application; includeInIndex = 0; path = FoodDeliveryApp.app; sourceTree = BUILT_PRODUCTS_DIR; };
		04E7D5232B964A1C0069BAFB /* AppDelegate.swift */ = {isa = PBXFileReference; lastKnownFileType = sourcecode.swift; path = AppDelegate.swift; sourceTree = "<group>"; };
		04E7D5252B964A1C0069BAFB /* SceneDelegate.swift */ = {isa = PBXFileReference; lastKnownFileType = sourcecode.swift; path = SceneDelegate.swift; sourceTree = "<group>"; };
		04E7D5272B964A1C0069BAFB /* ViewController.swift */ = {isa = PBXFileReference; lastKnownFileType = sourcecode.swift; path = ViewController.swift; sourceTree = "<group>"; };
		04E7D52C2B964A1E0069BAFB /* Assets.xcassets */ = {isa = PBXFileReference; lastKnownFileType = folder.assetcatalog; path = Assets.xcassets; sourceTree = "<group>"; };
		04E7D52F2B964A1E0069BAFB /* Base */ = {isa = PBXFileReference; lastKnownFileType = file.storyboard; name = Base; path = Base.lproj/LaunchScreen.storyboard; sourceTree = "<group>"; };
		04E7D5312B964A1E0069BAFB /* Info.plist */ = {isa = PBXFileReference; lastKnownFileType = text.plist.xml; path = Info.plist; sourceTree = "<group>"; };
		04E7D53C2B9657F10069BAFB /* UIFont + Extensions.swift */ = {isa = PBXFileReference; lastKnownFileType = sourcecode.swift; path = "UIFont + Extensions.swift"; sourceTree = "<group>"; };
		04E7D5412B97A55B0069BAFB /* Roboto-Black.ttf */ = {isa = PBXFileReference; lastKnownFileType = file; path = "Roboto-Black.ttf"; sourceTree = "<group>"; };
		04E7D5432B97A5830069BAFB /* LICENSE.txt */ = {isa = PBXFileReference; lastKnownFileType = text; path = LICENSE.txt; sourceTree = "<group>"; };
		04E7D5442B97A5890069BAFB /* Roboto-BlackItalic.ttf */ = {isa = PBXFileReference; lastKnownFileType = file; path = "Roboto-BlackItalic.ttf"; sourceTree = "<group>"; };
		04E7D5452B97A58C0069BAFB /* Roboto-Bold.ttf */ = {isa = PBXFileReference; lastKnownFileType = file; path = "Roboto-Bold.ttf"; sourceTree = "<group>"; };
		04E7D5462B97A58E0069BAFB /* Roboto-BoldItalic.ttf */ = {isa = PBXFileReference; lastKnownFileType = file; path = "Roboto-BoldItalic.ttf"; sourceTree = "<group>"; };
		04E7D5472B97A5910069BAFB /* Roboto-Italic.ttf */ = {isa = PBXFileReference; lastKnownFileType = file; path = "Roboto-Italic.ttf"; sourceTree = "<group>"; };
		04E7D5482B97A5940069BAFB /* Roboto-Light.ttf */ = {isa = PBXFileReference; lastKnownFileType = file; path = "Roboto-Light.ttf"; sourceTree = "<group>"; };
		04E7D5492B97A5960069BAFB /* Roboto-LightItalic.ttf */ = {isa = PBXFileReference; lastKnownFileType = file; path = "Roboto-LightItalic.ttf"; sourceTree = "<group>"; };
		04E7D54A2B97A5980069BAFB /* Roboto-Medium.ttf */ = {isa = PBXFileReference; lastKnownFileType = file; path = "Roboto-Medium.ttf"; sourceTree = "<group>"; };
		04E7D54B2B97A59A0069BAFB /* Roboto-MediumItalic.ttf */ = {isa = PBXFileReference; lastKnownFileType = file; path = "Roboto-MediumItalic.ttf"; sourceTree = "<group>"; };
		04E7D54C2B97A59D0069BAFB /* Roboto-Regular.ttf */ = {isa = PBXFileReference; lastKnownFileType = file; path = "Roboto-Regular.ttf"; sourceTree = "<group>"; };
		04E7D54D2B97A59F0069BAFB /* Roboto-Thin.ttf */ = {isa = PBXFileReference; lastKnownFileType = file; path = "Roboto-Thin.ttf"; sourceTree = "<group>"; };
		04E7D54E2B97A5A10069BAFB /* Roboto-ThinItalic.ttf */ = {isa = PBXFileReference; lastKnownFileType = file; path = "Roboto-ThinItalic.ttf"; sourceTree = "<group>"; };
/* End PBXFileReference section */

/* Begin PBXFrameworksBuildPhase section */
		04E7D51D2B964A1C0069BAFB /* Frameworks */ = {
			isa = PBXFrameworksBuildPhase;
			buildActionMask = 2147483647;
			files = (
			);
			runOnlyForDeploymentPostprocessing = 0;
		};
/* End PBXFrameworksBuildPhase section */

/* Begin PBXGroup section */
		04E7D5172B964A1C0069BAFB = {
			isa = PBXGroup;
			children = (
				04E7D5222B964A1C0069BAFB /* FoodDeliveryApp */,
				04E7D5212B964A1C0069BAFB /* Products */,
			);
			sourceTree = "<group>";
		};
		04E7D5212B964A1C0069BAFB /* Products */ = {
			isa = PBXGroup;
			children = (
				04E7D5202B964A1C0069BAFB /* FoodDeliveryApp.app */,
			);
			name = Products;
			sourceTree = "<group>";
		};
		04E7D5222B964A1C0069BAFB /* FoodDeliveryApp */ = {
			isa = PBXGroup;
			children = (
				04E7D5372B96552F0069BAFB /* Resources */,
				04E7D5232B964A1C0069BAFB /* AppDelegate.swift */,
				04E7D5252B964A1C0069BAFB /* SceneDelegate.swift */,
				04E7D5272B964A1C0069BAFB /* ViewController.swift */,
				04E7D52C2B964A1E0069BAFB /* Assets.xcassets */,
				04E7D52E2B964A1E0069BAFB /* LaunchScreen.storyboard */,
				04E7D5312B964A1E0069BAFB /* Info.plist */,
			);
			path = FoodDeliveryApp;
			sourceTree = "<group>";
		};
		04E7D5372B96552F0069BAFB /* Resources */ = {
			isa = PBXGroup;
			children = (
				04E7D53B2B9657B50069BAFB /* Extensions */,
				04E7D5382B96554A0069BAFB /* Fonts */,
			);
			path = Resources;
			sourceTree = "<group>";
		};
		04E7D5382B96554A0069BAFB /* Fonts */ = {
			isa = PBXGroup;
			children = (
				04E7D5432B97A5830069BAFB /* LICENSE.txt */,
				04E7D5412B97A55B0069BAFB /* Roboto-Black.ttf */,
				04E7D5442B97A5890069BAFB /* Roboto-BlackItalic.ttf */,
				04E7D5452B97A58C0069BAFB /* Roboto-Bold.ttf */,
				04E7D5462B97A58E0069BAFB /* Roboto-BoldItalic.ttf */,
				04E7D5472B97A5910069BAFB /* Roboto-Italic.ttf */,
				04E7D5482B97A5940069BAFB /* Roboto-Light.ttf */,
				04E7D5492B97A5960069BAFB /* Roboto-LightItalic.ttf */,
				04E7D54A2B97A5980069BAFB /* Roboto-Medium.ttf */,
				04E7D54B2B97A59A0069BAFB /* Roboto-MediumItalic.ttf */,
				04E7D54C2B97A59D0069BAFB /* Roboto-Regular.ttf */,
				04E7D54D2B97A59F0069BAFB /* Roboto-Thin.ttf */,
				04E7D54E2B97A5A10069BAFB /* Roboto-ThinItalic.ttf */,
			);
			path = Fonts;
			sourceTree = "<group>";
		};
		04E7D53B2B9657B50069BAFB /* Extensions */ = {
			isa = PBXGroup;
			children = (
				04E7D53C2B9657F10069BAFB /* UIFont + Extensions.swift */,
			);
			path = Extensions;
			sourceTree = "<group>";
		};
/* End PBXGroup section */

/* Begin PBXNativeTarget section */
		04E7D51F2B964A1C0069BAFB /* FoodDeliveryApp */ = {
			isa = PBXNativeTarget;
			buildConfigurationList = 04E7D5342B964A1E0069BAFB /* Build configuration list for PBXNativeTarget "FoodDeliveryApp" */;
			buildPhases = (
				04E7D51C2B964A1C0069BAFB /* Sources */,
				04E7D51D2B964A1C0069BAFB /* Frameworks */,
				04E7D51E2B964A1C0069BAFB /* Resources */,
			);
			buildRules = (
			);
			dependencies = (
			);
			name = FoodDeliveryApp;
			productName = FoodDeliveryApp;
			productReference = 04E7D5202B964A1C0069BAFB /* FoodDeliveryApp.app */;
			productType = "com.apple.product-type.application";
		};
/* End PBXNativeTarget section */

/* Begin PBXProject section */
		04E7D5182B964A1C0069BAFB /* Project object */ = {
			isa = PBXProject;
			attributes = {
				BuildIndependentTargetsInParallel = 1;
				LastSwiftUpdateCheck = 1520;
				LastUpgradeCheck = 1520;
				TargetAttributes = {
					04E7D51F2B964A1C0069BAFB = {
						CreatedOnToolsVersion = 15.2;
					};
				};
			};
			buildConfigurationList = 04E7D51B2B964A1C0069BAFB /* Build configuration list for PBXProject "FoodDeliveryApp" */;
			compatibilityVersion = "Xcode 14.0";
			developmentRegion = en;
			hasScannedForEncodings = 0;
			knownRegions = (
				en,
				Base,
			);
			mainGroup = 04E7D5172B964A1C0069BAFB;
			productRefGroup = 04E7D5212B964A1C0069BAFB /* Products */;
			projectDirPath = "";
			projectRoot = "";
			targets = (
				04E7D51F2B964A1C0069BAFB /* FoodDeliveryApp */,
			);
		};
/* End PBXProject section */

/* Begin PBXResourcesBuildPhase section */
		04E7D51E2B964A1C0069BAFB /* Resources */ = {
			isa = PBXResourcesBuildPhase;
			buildActionMask = 2147483647;
			files = (
				04E7D5552B97A5F20069BAFB /* Roboto-Medium.ttf in Resources */,
				04E7D5512B97A5E60069BAFB /* Roboto-BoldItalic.ttf in Resources */,
				04E7D5302B964A1E0069BAFB /* LaunchScreen.storyboard in Resources */,
				04E7D52D2B964A1E0069BAFB /* Assets.xcassets in Resources */,
				04E7D5502B97A5E30069BAFB /* Roboto-Bold.ttf in Resources */,
				04E7D5522B97A5E90069BAFB /* Roboto-Italic.ttf in Resources */,
				04E7D5572B97A5F80069BAFB /* Roboto-Regular.ttf in Resources */,
				04E7D5542B97A5EF0069BAFB /* Roboto-LightItalic.ttf in Resources */,
				04E7D5422B97A5640069BAFB /* Roboto-Black.ttf in Resources */,
				04E7D5532B97A5EC0069BAFB /* Roboto-Light.ttf in Resources */,
				04E7D5592B97A5FD0069BAFB /* Roboto-ThinItalic.ttf in Resources */,
				04E7D5562B97A5F50069BAFB /* Roboto-MediumItalic.ttf in Resources */,
				04E7D5582B97A5FB0069BAFB /* Roboto-Thin.ttf in Resources */,
				04E7D54F2B97A5E10069BAFB /* Roboto-BlackItalic.ttf in Resources */,
			);
			runOnlyForDeploymentPostprocessing = 0;
		};
/* End PBXResourcesBuildPhase section */

/* Begin PBXSourcesBuildPhase section */
		04E7D51C2B964A1C0069BAFB /* Sources */ = {
			isa = PBXSourcesBuildPhase;
			buildActionMask = 2147483647;
			files = (
				04E7D53D2B9657F10069BAFB /* UIFont + Extensions.swift in Sources */,
				04E7D5282B964A1C0069BAFB /* ViewController.swift in Sources */,
				04E7D5242B964A1C0069BAFB /* AppDelegate.swift in Sources */,
				04E7D5262B964A1C0069BAFB /* SceneDelegate.swift in Sources */,
			);
			runOnlyForDeploymentPostprocessing = 0;
		};
/* End PBXSourcesBuildPhase section */

/* Begin PBXVariantGroup section */
		04E7D52E2B964A1E0069BAFB /* LaunchScreen.storyboard */ = {
			isa = PBXVariantGroup;
			children = (
				04E7D52F2B964A1E0069BAFB /* Base */,
			);
			name = LaunchScreen.storyboard;
			sourceTree = "<group>";
		};
/* End PBXVariantGroup section */

/* Begin XCBuildConfiguration section */
		04E7D5322B964A1E0069BAFB /* Debug */ = {
			isa = XCBuildConfiguration;
			buildSettings = {
				ALWAYS_SEARCH_USER_PATHS = NO;
				ASSETCATALOG_COMPILER_GENERATE_SWIFT_ASSET_SYMBOL_EXTENSIONS = YES;
				CLANG_ANALYZER_NONNULL = YES;
				CLANG_ANALYZER_NUMBER_OBJECT_CONVERSION = YES_AGGRESSIVE;
				CLANG_CXX_LANGUAGE_STANDARD = "gnu++20";
				CLANG_ENABLE_MODULES = YES;
				CLANG_ENABLE_OBJC_ARC = YES;
				CLANG_ENABLE_OBJC_WEAK = YES;
				CLANG_WARN_BLOCK_CAPTURE_AUTORELEASING = YES;
				CLANG_WARN_BOOL_CONVERSION = YES;
				CLANG_WARN_COMMA = YES;
				CLANG_WARN_CONSTANT_CONVERSION = YES;
				CLANG_WARN_DEPRECATED_OBJC_IMPLEMENTATIONS = YES;
				CLANG_WARN_DIRECT_OBJC_ISA_USAGE = YES_ERROR;
				CLANG_WARN_DOCUMENTATION_COMMENTS = YES;
				CLANG_WARN_EMPTY_BODY = YES;
				CLANG_WARN_ENUM_CONVERSION = YES;
				CLANG_WARN_INFINITE_RECURSION = YES;
				CLANG_WARN_INT_CONVERSION = YES;
				CLANG_WARN_NON_LITERAL_NULL_CONVERSION = YES;
				CLANG_WARN_OBJC_IMPLICIT_RETAIN_SELF = YES;
				CLANG_WARN_OBJC_LITERAL_CONVERSION = YES;
				CLANG_WARN_OBJC_ROOT_CLASS = YES_ERROR;
				CLANG_WARN_QUOTED_INCLUDE_IN_FRAMEWORK_HEADER = YES;
				CLANG_WARN_RANGE_LOOP_ANALYSIS = YES;
				CLANG_WARN_STRICT_PROTOTYPES = YES;
				CLANG_WARN_SUSPICIOUS_MOVE = YES;
				CLANG_WARN_UNGUARDED_AVAILABILITY = YES_AGGRESSIVE;
				CLANG_WARN_UNREACHABLE_CODE = YES;
				CLANG_WARN__DUPLICATE_METHOD_MATCH = YES;
				COPY_PHASE_STRIP = NO;
				DEBUG_INFORMATION_FORMAT = dwarf;
				ENABLE_STRICT_OBJC_MSGSEND = YES;
				ENABLE_TESTABILITY = YES;
				ENABLE_USER_SCRIPT_SANDBOXING = YES;
				GCC_C_LANGUAGE_STANDARD = gnu17;
				GCC_DYNAMIC_NO_PIC = NO;
				GCC_NO_COMMON_BLOCKS = YES;
				GCC_OPTIMIZATION_LEVEL = 0;
				GCC_PREPROCESSOR_DEFINITIONS = (
					"DEBUG=1",
					"$(inherited)",
				);
				GCC_WARN_64_TO_32_BIT_CONVERSION = YES;
				GCC_WARN_ABOUT_RETURN_TYPE = YES_ERROR;
				GCC_WARN_UNDECLARED_SELECTOR = YES;
				GCC_WARN_UNINITIALIZED_AUTOS = YES_AGGRESSIVE;
				GCC_WARN_UNUSED_FUNCTION = YES;
				GCC_WARN_UNUSED_VARIABLE = YES;
				IPHONEOS_DEPLOYMENT_TARGET = 17.2;
				LOCALIZATION_PREFERS_STRING_CATALOGS = YES;
				MTL_ENABLE_DEBUG_INFO = INCLUDE_SOURCE;
				MTL_FAST_MATH = YES;
				ONLY_ACTIVE_ARCH = YES;
				SDKROOT = iphoneos;
				SWIFT_ACTIVE_COMPILATION_CONDITIONS = "DEBUG $(inherited)";
				SWIFT_OPTIMIZATION_LEVEL = "-Onone";
			};
			name = Debug;
		};
		04E7D5332B964A1E0069BAFB /* Release */ = {
			isa = XCBuildConfiguration;
			buildSettings = {
				ALWAYS_SEARCH_USER_PATHS = NO;
				ASSETCATALOG_COMPILER_GENERATE_SWIFT_ASSET_SYMBOL_EXTENSIONS = YES;
				CLANG_ANALYZER_NONNULL = YES;
				CLANG_ANALYZER_NUMBER_OBJECT_CONVERSION = YES_AGGRESSIVE;
				CLANG_CXX_LANGUAGE_STANDARD = "gnu++20";
				CLANG_ENABLE_MODULES = YES;
				CLANG_ENABLE_OBJC_ARC = YES;
				CLANG_ENABLE_OBJC_WEAK = YES;
				CLANG_WARN_BLOCK_CAPTURE_AUTORELEASING = YES;
				CLANG_WARN_BOOL_CONVERSION = YES;
				CLANG_WARN_COMMA = YES;
				CLANG_WARN_CONSTANT_CONVERSION = YES;
				CLANG_WARN_DEPRECATED_OBJC_IMPLEMENTATIONS = YES;
				CLANG_WARN_DIRECT_OBJC_ISA_USAGE = YES_ERROR;
				CLANG_WARN_DOCUMENTATION_COMMENTS = YES;
				CLANG_WARN_EMPTY_BODY = YES;
				CLANG_WARN_ENUM_CONVERSION = YES;
				CLANG_WARN_INFINITE_RECURSION = YES;
				CLANG_WARN_INT_CONVERSION = YES;
				CLANG_WARN_NON_LITERAL_NULL_CONVERSION = YES;
				CLANG_WARN_OBJC_IMPLICIT_RETAIN_SELF = YES;
				CLANG_WARN_OBJC_LITERAL_CONVERSION = YES;
				CLANG_WARN_OBJC_ROOT_CLASS = YES_ERROR;
				CLANG_WARN_QUOTED_INCLUDE_IN_FRAMEWORK_HEADER = YES;
				CLANG_WARN_RANGE_LOOP_ANALYSIS = YES;
				CLANG_WARN_STRICT_PROTOTYPES = YES;
				CLANG_WARN_SUSPICIOUS_MOVE = YES;
				CLANG_WARN_UNGUARDED_AVAILABILITY = YES_AGGRESSIVE;
				CLANG_WARN_UNREACHABLE_CODE = YES;
				CLANG_WARN__DUPLICATE_METHOD_MATCH = YES;
				COPY_PHASE_STRIP = NO;
				DEBUG_INFORMATION_FORMAT = "dwarf-with-dsym";
				ENABLE_NS_ASSERTIONS = NO;
				ENABLE_STRICT_OBJC_MSGSEND = YES;
				ENABLE_USER_SCRIPT_SANDBOXING = YES;
				GCC_C_LANGUAGE_STANDARD = gnu17;
				GCC_NO_COMMON_BLOCKS = YES;
				GCC_WARN_64_TO_32_BIT_CONVERSION = YES;
				GCC_WARN_ABOUT_RETURN_TYPE = YES_ERROR;
				GCC_WARN_UNDECLARED_SELECTOR = YES;
				GCC_WARN_UNINITIALIZED_AUTOS = YES_AGGRESSIVE;
				GCC_WARN_UNUSED_FUNCTION = YES;
				GCC_WARN_UNUSED_VARIABLE = YES;
				IPHONEOS_DEPLOYMENT_TARGET = 17.2;
				LOCALIZATION_PREFERS_STRING_CATALOGS = YES;
				MTL_ENABLE_DEBUG_INFO = NO;
				MTL_FAST_MATH = YES;
				SDKROOT = iphoneos;
				SWIFT_COMPILATION_MODE = wholemodule;
				VALIDATE_PRODUCT = YES;
			};
			name = Release;
		};
		04E7D5352B964A1E0069BAFB /* Debug */ = {
			isa = XCBuildConfiguration;
			buildSettings = {
				ASSETCATALOG_COMPILER_APPICON_NAME = "AppIcon ";
				ASSETCATALOG_COMPILER_GLOBAL_ACCENT_COLOR_NAME = AccentColor;
				CODE_SIGN_STYLE = Automatic;
				CURRENT_PROJECT_VERSION = 1;
				GENERATE_INFOPLIST_FILE = YES;
				INFOPLIST_FILE = FoodDeliveryApp/Info.plist;
				INFOPLIST_KEY_UIApplicationSupportsIndirectInputEvents = YES;
				INFOPLIST_KEY_UILaunchStoryboardName = LaunchScreen;
				INFOPLIST_KEY_UISupportedInterfaceOrientations_iPad = "UIInterfaceOrientationPortrait UIInterfaceOrientationPortraitUpsideDown UIInterfaceOrientationLandscapeLeft UIInterfaceOrientationLandscapeRight";
				INFOPLIST_KEY_UISupportedInterfaceOrientations_iPhone = "UIInterfaceOrientationPortrait UIInterfaceOrientationLandscapeLeft UIInterfaceOrientationLandscapeRight";
				LD_RUNPATH_SEARCH_PATHS = (
					"$(inherited)",
					"@executable_path/Frameworks",
				);
				MARKETING_VERSION = 1.0;
				PRODUCT_BUNDLE_IDENTIFIER = com.trofimovavg.FoodDeliveryApp;
				PRODUCT_NAME = "$(TARGET_NAME)";
				SWIFT_EMIT_LOC_STRINGS = YES;
				SWIFT_VERSION = 5.0;
				TARGETED_DEVICE_FAMILY = "1,2";
			};
			name = Debug;
		};
		04E7D5362B964A1E0069BAFB /* Release */ = {
			isa = XCBuildConfiguration;
			buildSettings = {
				ASSETCATALOG_COMPILER_APPICON_NAME = "AppIcon ";
				ASSETCATALOG_COMPILER_GLOBAL_ACCENT_COLOR_NAME = AccentColor;
				CODE_SIGN_STYLE = Automatic;
				CURRENT_PROJECT_VERSION = 1;
				GENERATE_INFOPLIST_FILE = YES;
				INFOPLIST_FILE = FoodDeliveryApp/Info.plist;
				INFOPLIST_KEY_UIApplicationSupportsIndirectInputEvents = YES;
				INFOPLIST_KEY_UILaunchStoryboardName = LaunchScreen;
				INFOPLIST_KEY_UISupportedInterfaceOrientations_iPad = "UIInterfaceOrientationPortrait UIInterfaceOrientationPortraitUpsideDown UIInterfaceOrientationLandscapeLeft UIInterfaceOrientationLandscapeRight";
				INFOPLIST_KEY_UISupportedInterfaceOrientations_iPhone = "UIInterfaceOrientationPortrait UIInterfaceOrientationLandscapeLeft UIInterfaceOrientationLandscapeRight";
				LD_RUNPATH_SEARCH_PATHS = (
					"$(inherited)",
					"@executable_path/Frameworks",
				);
				MARKETING_VERSION = 1.0;
				PRODUCT_BUNDLE_IDENTIFIER = com.trofimovavg.FoodDeliveryApp;
				PRODUCT_NAME = "$(TARGET_NAME)";
				SWIFT_EMIT_LOC_STRINGS = YES;
				SWIFT_VERSION = 5.0;
				TARGETED_DEVICE_FAMILY = "1,2";
			};
			name = Release;
		};
/* End XCBuildConfiguration section */

/* Begin XCConfigurationList section */
		04E7D51B2B964A1C0069BAFB /* Build configuration list for PBXProject "FoodDeliveryApp" */ = {
			isa = XCConfigurationList;
			buildConfigurations = (
				04E7D5322B964A1E0069BAFB /* Debug */,
				04E7D5332B964A1E0069BAFB /* Release */,
			);
			defaultConfigurationIsVisible = 0;
			defaultConfigurationName = Release;
		};
		04E7D5342B964A1E0069BAFB /* Build configuration list for PBXNativeTarget "FoodDeliveryApp" */ = {
			isa = XCConfigurationList;
			buildConfigurations = (
				04E7D5352B964A1E0069BAFB /* Debug */,
				04E7D5362B964A1E0069BAFB /* Release */,
			);
			defaultConfigurationIsVisible = 0;
			defaultConfigurationName = Release;
		};
/* End XCConfigurationList section */
	};
	rootObject = 04E7D5182B964A1C0069BAFB /* Project object */;
}
